hooks:
- addr_jpn: 2157049152
  addr_jpn2: 2157049168
  addr_ntsc: &id001 2157049856
  addr_ntsc2: 2157049872
  addr_pal: *id001
  addr_pal2: 2157049872
  data: 60000000 60000000 60000000 98830380
  name: PrepareReplay_SwitchPatch
  type: patch
- addr_jpn: 2148543128
  addr_jpn2: 2148543128
  addr_ntsc: 2148543256
  addr_ntsc2: 2148543256
  addr_pal: &id002 2148543528
  addr_pal2: *id002
  data: 60000000 3B800001 60000000 3BC0002A 60000000 98830380
  name: MoveInfoFromWorldDataToStructArray_SwitchPatch
  type: patch
- branch_type: b
  name: BG_GM_InitRedSwitchFlag_SwitchPatch
  src_addr_jpn: &id003 2147976400
  src_addr_jpn2: *id003
  src_addr_ntsc: *id003
  src_addr_ntsc2: *id003
  src_addr_pal: *id003
  src_addr_pal2: *id003
  target_func: BG_GM_InitRedSwitchFlag_Patch
  type: branch_insn
- branch_type: b
  name: ProcessTileNum_EndPatch
  src_addr_jpn: &id004 2148014932
  src_addr_jpn2: *id004
  src_addr_ntsc: *id004
  src_addr_ntsc2: *id004
  src_addr_pal: *id004
  src_addr_pal2: *id004
  target_func: ProcessTileNum_EndPatch
  type: branch_insn
- branch_type: b
  name: CheckBehaviourOverride_EndPatch
  src_addr_jpn: &id005 2148014668
  src_addr_jpn2: *id005
  src_addr_ntsc: *id005
  src_addr_ntsc2: *id005
  src_addr_pal: *id005
  src_addr_pal2: *id005
  target_func: CheckBehaviourOverride_EndPatch
  type: branch_insn
- name: BuildPalaceDude
  src_addr_jpn: 2157457868
  src_addr_jpn2: 2157457884
  src_addr_ntsc: &id006 2157459684
  src_addr_ntsc2: 2157459700
  src_addr_pal: *id006
  src_addr_pal2: 2157459700
  target_func: dPalaceDude_c::build()
  type: add_func_pointer
- addr_jpn: 2150680840
  addr_jpn2: 2150680840
  addr_ntsc: 2150681320
  addr_ntsc2: 2150681320
  addr_pal: &id007 2150682088
  addr_pal2: *id007
  data: 02A7 0000 00000010 00000010  00000000 00000000 00000200 00000200  0000 0000
    0200 0200 0000 0000
  name: PalaceDudeSpriteInfo
  type: patch
- name: PalaceDudeSpriteFileInfo
  src_addr_jpn: 2150738584
  src_addr_jpn2: 2150738584
  src_addr_ntsc: 2150739064
  src_addr_ntsc2: 2150739064
  src_addr_pal: &id008 2150739856
  src_addr_pal2: *id008
  target_func: PalaceDudeFileList
  type: add_func_pointer
source_files:
- ../src/switchblock.S
- ../src/palaceDude.cpp
